
Microsoft Visual Studio Solution File, Format Version 12.00
Project("{FAE04EC0-301F-11D3-BF4B-00C04F79EFBC}") = "ProjectBuckwheat.API", "ProjectBuckwheat.API\ProjectBuckwheat.API.csproj", "{B74DC981-3DA2-4DFF-BEA4-73838EDDFE68}"
EndProject
Project("{FAE04EC0-301F-11D3-BF4B-00C04F79EFBC}") = "ProjectBuckwheat.Data", "ProjectBuckwheat.Data\ProjectBuckwheat.Data.csproj", "{B9635FBB-E7C7-4646-B96E-D38A50FFE8CF}"
EndProject
Project("{FAE04EC0-301F-11D3-BF4B-00C04F79EFBC}") = "ProjectBuckwheat.Business", "ProjectBuckwheat.Business\ProjectBuckwheat.Business.csproj", "{F9A56653-8019-4769-9380-C178632478A1}"
EndProject
Project("{FAE04EC0-301F-11D3-BF4B-00C04F79EFBC}") = "ProjectBuckwheat.Infrastructure", "ProjectBuckwheat.Infrastructure\ProjectBuckwheat.Infrastructure.csproj", "{11AA943B-02CC-4284-B70E-CC23AB4E3224}"
EndProject
Project("{FAE04EC0-301F-11D3-BF4B-00C04F79EFBC}") = "ProjectBuckwheat.Domain", "ProjectBuckwheat.Domain\ProjectBuckwheat.Domain.csproj", "{DC002E01-AC6C-4608-93F7-DABB4CB5E71C}"
EndProject
Global
	GlobalSection(SolutionConfigurationPlatforms) = preSolution
		Debug|Any CPU = Debug|Any CPU
		Release|Any CPU = Release|Any CPU
	EndGlobalSection
	GlobalSection(ProjectConfigurationPlatforms) = postSolution
		{B74DC981-3DA2-4DFF-BEA4-73838EDDFE68}.Debug|Any CPU.ActiveCfg = Debug|Any CPU
		{B74DC981-3DA2-4DFF-BEA4-73838EDDFE68}.Debug|Any CPU.Build.0 = Debug|Any CPU
		{B74DC981-3DA2-4DFF-BEA4-73838EDDFE68}.Release|Any CPU.ActiveCfg = Release|Any CPU
		{B74DC981-3DA2-4DFF-BEA4-73838EDDFE68}.Release|Any CPU.Build.0 = Release|Any CPU
		{B9635FBB-E7C7-4646-B96E-D38A50FFE8CF}.Debug|Any CPU.ActiveCfg = Debug|Any CPU
		{B9635FBB-E7C7-4646-B96E-D38A50FFE8CF}.Debug|Any CPU.Build.0 = Debug|Any CPU
		{B9635FBB-E7C7-4646-B96E-D38A50FFE8CF}.Release|Any CPU.ActiveCfg = Release|Any CPU
		{B9635FBB-E7C7-4646-B96E-D38A50FFE8CF}.Release|Any CPU.Build.0 = Release|Any CPU
		{F9A56653-8019-4769-9380-C178632478A1}.Debug|Any CPU.ActiveCfg = Debug|Any CPU
		{F9A56653-8019-4769-9380-C178632478A1}.Debug|Any CPU.Build.0 = Debug|Any CPU
		{F9A56653-8019-4769-9380-C178632478A1}.Release|Any CPU.ActiveCfg = Release|Any CPU
		{F9A56653-8019-4769-9380-C178632478A1}.Release|Any CPU.Build.0 = Release|Any CPU
		{11AA943B-02CC-4284-B70E-CC23AB4E3224}.Debug|Any CPU.ActiveCfg = Debug|Any CPU
		{11AA943B-02CC-4284-B70E-CC23AB4E3224}.Debug|Any CPU.Build.0 = Debug|Any CPU
		{11AA943B-02CC-4284-B70E-CC23AB4E3224}.Release|Any CPU.ActiveCfg = Release|Any CPU
		{11AA943B-02CC-4284-B70E-CC23AB4E3224}.Release|Any CPU.Build.0 = Release|Any CPU
		{DC002E01-AC6C-4608-93F7-DABB4CB5E71C}.Debug|Any CPU.ActiveCfg = Debug|Any CPU
		{DC002E01-AC6C-4608-93F7-DABB4CB5E71C}.Debug|Any CPU.Build.0 = Debug|Any CPU
		{DC002E01-AC6C-4608-93F7-DABB4CB5E71C}.Release|Any CPU.ActiveCfg = Release|Any CPU
		{DC002E01-AC6C-4608-93F7-DABB4CB5E71C}.Release|Any CPU.Build.0 = Release|Any CPU
	EndGlobalSection
EndGlobal
