
Microsoft Visual Studio Solution File, Format Version 12.00
Project("{2150E333-8FDC-42A3-9474-1A3956D46DE8}") = "src", "src", "{5FF7BC3B-8FCA-4CDD-BE2E-E64FC454CF86}"
EndProject
Project("{2150E333-8FDC-42A3-9474-1A3956D46DE8}") = "Solution Items", "Solution Items", "{A0ED84FC-B3F3-492D-A42F-02FF79985827}"
EndProject
Project("{2150E333-8FDC-42A3-9474-1A3956D46DE8}") = "tests", "tests", "{53448F01-52B7-4841-961D-005EE6ACE09F}"
EndProject
Project("{FAE04EC0-301F-11D3-BF4B-00C04F79EFBC}") = "Buckwheat.API", "src\Buckwheat.API\Buckwheat.API.csproj", "{520FD7C1-BFF6-44BB-ABC8-DFE278386E08}"
EndProject
Project("{FAE04EC0-301F-11D3-BF4B-00C04F79EFBC}") = "Buckwheat.Infrastructure", "src\Buckwheat.Infrastructure\Buckwheat.Infrastructure.csproj", "{4AC2F674-2B0A-4D62-A040-0DC9B2CA8C11}"
EndProject
Project("{FAE04EC0-301F-11D3-BF4B-00C04F79EFBC}") = "Buckwheat.Data", "src\Buckwheat.Data\Buckwheat.Data.csproj", "{48D69AC3-9CE5-42B1-8C4A-7C42CE8D8AB6}"
EndProject
Project("{FAE04EC0-301F-11D3-BF4B-00C04F79EFBC}") = "Buckwheat.Business", "src\Buckwheat.Business\Buckwheat.Business.csproj", "{2036F7FA-CE2A-46BA-8025-BFEADBB83363}"
EndProject
Project("{FAE04EC0-301F-11D3-BF4B-00C04F79EFBC}") = "Buckwheat.Domain", "src\Buckwheat.Domain\Buckwheat.Domain.csproj", "{1DEE469D-03E6-43F8-A36B-2F902CD0D085}"
EndProject
Project("{FAE04EC0-301F-11D3-BF4B-00C04F79EFBC}") = "BuckwheatIdentity.API", "src\BuckwheatIdentity.API\BuckwheatIdentity.API.csproj", "{CE2BA60F-8DB0-425E-86AA-A9F9866776D7}"
EndProject
Global
	GlobalSection(SolutionConfigurationPlatforms) = preSolution
		Debug|Any CPU = Debug|Any CPU
		Release|Any CPU = Release|Any CPU
	EndGlobalSection
	GlobalSection(ProjectConfigurationPlatforms) = postSolution
		{520FD7C1-BFF6-44BB-ABC8-DFE278386E08}.Debug|Any CPU.ActiveCfg = Debug|Any CPU
		{520FD7C1-BFF6-44BB-ABC8-DFE278386E08}.Debug|Any CPU.Build.0 = Debug|Any CPU
		{520FD7C1-BFF6-44BB-ABC8-DFE278386E08}.Release|Any CPU.ActiveCfg = Release|Any CPU
		{520FD7C1-BFF6-44BB-ABC8-DFE278386E08}.Release|Any CPU.Build.0 = Release|Any CPU
		{4AC2F674-2B0A-4D62-A040-0DC9B2CA8C11}.Debug|Any CPU.ActiveCfg = Debug|Any CPU
		{4AC2F674-2B0A-4D62-A040-0DC9B2CA8C11}.Debug|Any CPU.Build.0 = Debug|Any CPU
		{4AC2F674-2B0A-4D62-A040-0DC9B2CA8C11}.Release|Any CPU.ActiveCfg = Release|Any CPU
		{4AC2F674-2B0A-4D62-A040-0DC9B2CA8C11}.Release|Any CPU.Build.0 = Release|Any CPU
		{48D69AC3-9CE5-42B1-8C4A-7C42CE8D8AB6}.Debug|Any CPU.ActiveCfg = Debug|Any CPU
		{48D69AC3-9CE5-42B1-8C4A-7C42CE8D8AB6}.Debug|Any CPU.Build.0 = Debug|Any CPU
		{48D69AC3-9CE5-42B1-8C4A-7C42CE8D8AB6}.Release|Any CPU.ActiveCfg = Release|Any CPU
		{48D69AC3-9CE5-42B1-8C4A-7C42CE8D8AB6}.Release|Any CPU.Build.0 = Release|Any CPU
		{2036F7FA-CE2A-46BA-8025-BFEADBB83363}.Debug|Any CPU.ActiveCfg = Debug|Any CPU
		{2036F7FA-CE2A-46BA-8025-BFEADBB83363}.Debug|Any CPU.Build.0 = Debug|Any CPU
		{2036F7FA-CE2A-46BA-8025-BFEADBB83363}.Release|Any CPU.ActiveCfg = Release|Any CPU
		{2036F7FA-CE2A-46BA-8025-BFEADBB83363}.Release|Any CPU.Build.0 = Release|Any CPU
		{1DEE469D-03E6-43F8-A36B-2F902CD0D085}.Debug|Any CPU.ActiveCfg = Debug|Any CPU
		{1DEE469D-03E6-43F8-A36B-2F902CD0D085}.Debug|Any CPU.Build.0 = Debug|Any CPU
		{1DEE469D-03E6-43F8-A36B-2F902CD0D085}.Release|Any CPU.ActiveCfg = Release|Any CPU
		{1DEE469D-03E6-43F8-A36B-2F902CD0D085}.Release|Any CPU.Build.0 = Release|Any CPU
		{CE2BA60F-8DB0-425E-86AA-A9F9866776D7}.Debug|Any CPU.ActiveCfg = Debug|Any CPU
		{CE2BA60F-8DB0-425E-86AA-A9F9866776D7}.Debug|Any CPU.Build.0 = Debug|Any CPU
		{CE2BA60F-8DB0-425E-86AA-A9F9866776D7}.Release|Any CPU.ActiveCfg = Release|Any CPU
		{CE2BA60F-8DB0-425E-86AA-A9F9866776D7}.Release|Any CPU.Build.0 = Release|Any CPU
	EndGlobalSection
	GlobalSection(NestedProjects) = preSolution
		{520FD7C1-BFF6-44BB-ABC8-DFE278386E08} = {5FF7BC3B-8FCA-4CDD-BE2E-E64FC454CF86}
		{2036F7FA-CE2A-46BA-8025-BFEADBB83363} = {5FF7BC3B-8FCA-4CDD-BE2E-E64FC454CF86}
		{48D69AC3-9CE5-42B1-8C4A-7C42CE8D8AB6} = {5FF7BC3B-8FCA-4CDD-BE2E-E64FC454CF86}
		{1DEE469D-03E6-43F8-A36B-2F902CD0D085} = {5FF7BC3B-8FCA-4CDD-BE2E-E64FC454CF86}
		{4AC2F674-2B0A-4D62-A040-0DC9B2CA8C11} = {5FF7BC3B-8FCA-4CDD-BE2E-E64FC454CF86}
		{CE2BA60F-8DB0-425E-86AA-A9F9866776D7} = {5FF7BC3B-8FCA-4CDD-BE2E-E64FC454CF86}
	EndGlobalSection
EndGlobal
